
Microsoft Visual Studio Solution File, Format Version 12.00
# Visual Studio Version 16
VisualStudioVersion = 16.0.31729.503
MinimumVisualStudioVersion = 10.0.40219.1
Project("{FAE04EC0-301F-11D3-BF4B-00C04F79EFBC}") = "dz_6_viruasov", "dz_6_viruasov\dz_6_viruasov.csproj", "{706F1B46-D2A9-4CD2-9C84-F092016C1F9A}"
EndProject
Global
	GlobalSection(SolutionConfigurationPlatforms) = preSolution
		Debug|Any CPU = Debug|Any CPU
		Release|Any CPU = Release|Any CPU
	EndGlobalSection
	GlobalSection(ProjectConfigurationPlatforms) = postSolution
		{706F1B46-D2A9-4CD2-9C84-F092016C1F9A}.Debug|Any CPU.ActiveCfg = Debug|Any CPU
		{706F1B46-D2A9-4CD2-9C84-F092016C1F9A}.Debug|Any CPU.Build.0 = Debug|Any CPU
		{706F1B46-D2A9-4CD2-9C84-F092016C1F9A}.Release|Any CPU.ActiveCfg = Release|Any CPU
		{706F1B46-D2A9-4CD2-9C84-F092016C1F9A}.Release|Any CPU.Build.0 = Release|Any CPU
	EndGlobalSection
	GlobalSection(SolutionProperties) = preSolution
		HideSolutionNode = FALSE
	EndGlobalSection
	GlobalSection(ExtensibilityGlobals) = postSolution
		SolutionGuid = {B76705E9-C7D5-4B19-A215-90D84DA4CDA5}
	EndGlobalSection
EndGlobal
